
Microsoft Visual Studio Solution File, Format Version 12.00
# Visual Studio Version 17
VisualStudioVersion = 17.4.33110.190
MinimumVisualStudioVersion = 10.0.40219.1
Project("{9A19103F-16F7-4668-BE54-9A1E7A4F7556}") = "ZZJ_Common", "ZZJ_Common\ZZJ_Common.csproj", "{8944E054-9B9B-46C1-A30B-78E77A547BB0}"
EndProject
Project("{9A19103F-16F7-4668-BE54-9A1E7A4F7556}") = "ZZJ_EInvoice", "ZZJ_EInvoice\ZZJ_EInvoice.csproj", "{47D603A1-8B09-47D5-AADF-261227AC42F3}"
EndProject
Project("{9A19103F-16F7-4668-BE54-9A1E7A4F7556}") = "ZZJ_GJYB", "ZZJ_GJYB\ZZJ_GJYB.csproj", "{D5D3B528-948E-4AD7-8B9D-29924B54159C}"
EndProject
Project("{9A19103F-16F7-4668-BE54-9A1E7A4F7556}") = "ZZJ_InHos", "ZZJ_InHos\ZZJ_InHos.csproj", "{E4BED6B0-79AD-4DE4-BFDE-682C6261EFED}"
EndProject
Project("{9A19103F-16F7-4668-BE54-9A1E7A4F7556}") = "ZZJ_OutHos", "ZZJ_OutHos\ZZJ_OutHos.csproj", "{8C1E9F6E-3BB5-4180-8490-699F9E4BADAE}"
EndProject
Project("{9A19103F-16F7-4668-BE54-9A1E7A4F7556}") = "ZZJ_Report", "ZZJ_Report\ZZJ_Report.csproj", "{2F5F09E6-CCDE-41BA-9F2C-06A476FC62D0}"
EndProject
Project("{9A19103F-16F7-4668-BE54-9A1E7A4F7556}") = "ZZJ_YYGH", "ZZJ_YYGH\ZZJ_YYGH.csproj", "{B6C3BC5C-5336-4AB4-9EAD-C71E4C42DCD9}"
EndProject
Project("{9A19103F-16F7-4668-BE54-9A1E7A4F7556}") = "ZZJ_Tran", "ZZJ_Tran\ZZJ_Tran.csproj", "{45E4CAF9-2433-4EE0-8378-1CA72BEC5537}"
EndProject
Project("{2150E333-8FDC-42A3-9474-1A3956D46DE8}") = "Hos185", "Hos185", "{06B1E41A-7369-4315-BFBA-6D3E6BE6934D}"
EndProject
Project("{9A19103F-16F7-4668-BE54-9A1E7A4F7556}") = "OnlineBusHos185_EInvoice", "Hos185\OnlineBusHos185_EInvoice\OnlineBusHos185_EInvoice.csproj", "{D55D366C-9F78-445A-AA25-624EAA3DE94C}"
EndProject
Project("{9A19103F-16F7-4668-BE54-9A1E7A4F7556}") = "OnlineBusHos185_OutHos", "Hos185\OnlineBusHos185_OutHos\OnlineBusHos185_OutHos.csproj", "{4D75ECF5-CF11-4057-8880-40B62F254E74}"
EndProject
Project("{9A19103F-16F7-4668-BE54-9A1E7A4F7556}") = "OnlineBusHos185_Report", "Hos185\OnlineBusHos185_Report\OnlineBusHos185_Report.csproj", "{7E4AC656-5F7C-4073-9AD6-649C74F1021C}"
EndProject
Project("{9A19103F-16F7-4668-BE54-9A1E7A4F7556}") = "OnlineBusHos185_Tran", "Hos185\OnlineBusHos185_Tran\OnlineBusHos185_Tran.csproj", "{42B4CC2A-A3AF-42CE-9351-B3539B777AA7}"
EndProject
Project("{9A19103F-16F7-4668-BE54-9A1E7A4F7556}") = "OnlineBusHos185_YYGH", "Hos185\OnlineBusHos185_YYGH\OnlineBusHos185_YYGH.csproj", "{474A303F-FE19-4232-98C3-833D3AF6805F}"
EndProject
Project("{9A19103F-16F7-4668-BE54-9A1E7A4F7556}") = "OnlineBusHos185_GJYB", "Hos185\OnlineBusHos185_GJYB\OnlineBusHos185_GJYB.csproj", "{E34E31FA-1ADE-47D6-8B16-48BB1A0C71CD}"
EndProject
Project("{2150E333-8FDC-42A3-9474-1A3956D46DE8}") = "ZZJ", "ZZJ", "{E71607A5-2A12-4582-BE7C-960C63391E9C}"
EndProject
Project("{9A19103F-16F7-4668-BE54-9A1E7A4F7556}") = "OnlineBusHos185_Common", "Hos185\OnlineBusHos185_Common\OnlineBusHos185_Common.csproj", "{C2B2B1BA-E447-4DE5-8A36-82E4947139A7}"
EndProject
Project("{9A19103F-16F7-4668-BE54-9A1E7A4F7556}") = "DB.Core", "DB.Core\DB.Core.csproj", "{776F2E6F-A75F-4092-B42A-F3D60AC3DF61}"
EndProject
Project("{9A19103F-16F7-4668-BE54-9A1E7A4F7556}") = "Log.Core", "Log.Core\Log.Core.csproj", "{267507E8-192D-4263-8A6C-BF394D272B81}"
EndProject
Project("{9A19103F-16F7-4668-BE54-9A1E7A4F7556}") = "BusinessFactory", "BusinessFactory\BusinessFactory.csproj", "{C64D99C0-DCF4-4D94-8C1C-A2A939832C79}"
EndProject
Global
	GlobalSection(SolutionConfigurationPlatforms) = preSolution
		Debug|Any CPU = Debug|Any CPU
		Release|Any CPU = Release|Any CPU
	EndGlobalSection
	GlobalSection(ProjectConfigurationPlatforms) = postSolution
		{8944E054-9B9B-46C1-A30B-78E77A547BB0}.Debug|Any CPU.ActiveCfg = Debug|Any CPU
		{8944E054-9B9B-46C1-A30B-78E77A547BB0}.Debug|Any CPU.Build.0 = Debug|Any CPU
		{8944E054-9B9B-46C1-A30B-78E77A547BB0}.Release|Any CPU.ActiveCfg = Release|Any CPU
		{8944E054-9B9B-46C1-A30B-78E77A547BB0}.Release|Any CPU.Build.0 = Release|Any CPU
		{47D603A1-8B09-47D5-AADF-261227AC42F3}.Debug|Any CPU.ActiveCfg = Debug|Any CPU
		{47D603A1-8B09-47D5-AADF-261227AC42F3}.Debug|Any CPU.Build.0 = Debug|Any CPU
		{47D603A1-8B09-47D5-AADF-261227AC42F3}.Release|Any CPU.ActiveCfg = Release|Any CPU
		{47D603A1-8B09-47D5-AADF-261227AC42F3}.Release|Any CPU.Build.0 = Release|Any CPU
		{D5D3B528-948E-4AD7-8B9D-29924B54159C}.Debug|Any CPU.ActiveCfg = Debug|Any CPU
		{D5D3B528-948E-4AD7-8B9D-29924B54159C}.Debug|Any CPU.Build.0 = Debug|Any CPU
		{D5D3B528-948E-4AD7-8B9D-29924B54159C}.Release|Any CPU.ActiveCfg = Release|Any CPU
		{D5D3B528-948E-4AD7-8B9D-29924B54159C}.Release|Any CPU.Build.0 = Release|Any CPU
		{E4BED6B0-79AD-4DE4-BFDE-682C6261EFED}.Debug|Any CPU.ActiveCfg = Debug|Any CPU
		{E4BED6B0-79AD-4DE4-BFDE-682C6261EFED}.Debug|Any CPU.Build.0 = Debug|Any CPU
		{E4BED6B0-79AD-4DE4-BFDE-682C6261EFED}.Release|Any CPU.ActiveCfg = Release|Any CPU
		{E4BED6B0-79AD-4DE4-BFDE-682C6261EFED}.Release|Any CPU.Build.0 = Release|Any CPU
		{8C1E9F6E-3BB5-4180-8490-699F9E4BADAE}.Debug|Any CPU.ActiveCfg = Debug|Any CPU
		{8C1E9F6E-3BB5-4180-8490-699F9E4BADAE}.Debug|Any CPU.Build.0 = Debug|Any CPU
		{8C1E9F6E-3BB5-4180-8490-699F9E4BADAE}.Release|Any CPU.ActiveCfg = Release|Any CPU
		{8C1E9F6E-3BB5-4180-8490-699F9E4BADAE}.Release|Any CPU.Build.0 = Release|Any CPU
		{2F5F09E6-CCDE-41BA-9F2C-06A476FC62D0}.Debug|Any CPU.ActiveCfg = Debug|Any CPU
		{2F5F09E6-CCDE-41BA-9F2C-06A476FC62D0}.Debug|Any CPU.Build.0 = Debug|Any CPU
		{2F5F09E6-CCDE-41BA-9F2C-06A476FC62D0}.Release|Any CPU.ActiveCfg = Release|Any CPU
		{2F5F09E6-CCDE-41BA-9F2C-06A476FC62D0}.Release|Any CPU.Build.0 = Release|Any CPU
		{B6C3BC5C-5336-4AB4-9EAD-C71E4C42DCD9}.Debug|Any CPU.ActiveCfg = Debug|Any CPU
		{B6C3BC5C-5336-4AB4-9EAD-C71E4C42DCD9}.Debug|Any CPU.Build.0 = Debug|Any CPU
		{B6C3BC5C-5336-4AB4-9EAD-C71E4C42DCD9}.Release|Any CPU.ActiveCfg = Release|Any CPU
		{B6C3BC5C-5336-4AB4-9EAD-C71E4C42DCD9}.Release|Any CPU.Build.0 = Release|Any CPU
		{45E4CAF9-2433-4EE0-8378-1CA72BEC5537}.Debug|Any CPU.ActiveCfg = Debug|Any CPU
		{45E4CAF9-2433-4EE0-8378-1CA72BEC5537}.Debug|Any CPU.Build.0 = Debug|Any CPU
		{45E4CAF9-2433-4EE0-8378-1CA72BEC5537}.Release|Any CPU.ActiveCfg = Release|Any CPU
		{45E4CAF9-2433-4EE0-8378-1CA72BEC5537}.Release|Any CPU.Build.0 = Release|Any CPU
		{D55D366C-9F78-445A-AA25-624EAA3DE94C}.Debug|Any CPU.ActiveCfg = Debug|Any CPU
		{D55D366C-9F78-445A-AA25-624EAA3DE94C}.Debug|Any CPU.Build.0 = Debug|Any CPU
		{D55D366C-9F78-445A-AA25-624EAA3DE94C}.Release|Any CPU.ActiveCfg = Release|Any CPU
		{D55D366C-9F78-445A-AA25-624EAA3DE94C}.Release|Any CPU.Build.0 = Release|Any CPU
		{4D75ECF5-CF11-4057-8880-40B62F254E74}.Debug|Any CPU.ActiveCfg = Debug|Any CPU
		{4D75ECF5-CF11-4057-8880-40B62F254E74}.Debug|Any CPU.Build.0 = Debug|Any CPU
		{4D75ECF5-CF11-4057-8880-40B62F254E74}.Release|Any CPU.ActiveCfg = Release|Any CPU
		{4D75ECF5-CF11-4057-8880-40B62F254E74}.Release|Any CPU.Build.0 = Release|Any CPU
		{7E4AC656-5F7C-4073-9AD6-649C74F1021C}.Debug|Any CPU.ActiveCfg = Debug|Any CPU
		{7E4AC656-5F7C-4073-9AD6-649C74F1021C}.Debug|Any CPU.Build.0 = Debug|Any CPU
		{7E4AC656-5F7C-4073-9AD6-649C74F1021C}.Release|Any CPU.ActiveCfg = Release|Any CPU
		{7E4AC656-5F7C-4073-9AD6-649C74F1021C}.Release|Any CPU.Build.0 = Release|Any CPU
		{42B4CC2A-A3AF-42CE-9351-B3539B777AA7}.Debug|Any CPU.ActiveCfg = Debug|Any CPU
		{42B4CC2A-A3AF-42CE-9351-B3539B777AA7}.Debug|Any CPU.Build.0 = Debug|Any CPU
		{42B4CC2A-A3AF-42CE-9351-B3539B777AA7}.Release|Any CPU.ActiveCfg = Release|Any CPU
		{42B4CC2A-A3AF-42CE-9351-B3539B777AA7}.Release|Any CPU.Build.0 = Release|Any CPU
		{474A303F-FE19-4232-98C3-833D3AF6805F}.Debug|Any CPU.ActiveCfg = Debug|Any CPU
		{474A303F-FE19-4232-98C3-833D3AF6805F}.Debug|Any CPU.Build.0 = Debug|Any CPU
		{474A303F-FE19-4232-98C3-833D3AF6805F}.Release|Any CPU.ActiveCfg = Release|Any CPU
		{474A303F-FE19-4232-98C3-833D3AF6805F}.Release|Any CPU.Build.0 = Release|Any CPU
		{E34E31FA-1ADE-47D6-8B16-48BB1A0C71CD}.Debug|Any CPU.ActiveCfg = Debug|Any CPU
		{E34E31FA-1ADE-47D6-8B16-48BB1A0C71CD}.Debug|Any CPU.Build.0 = Debug|Any CPU
		{E34E31FA-1ADE-47D6-8B16-48BB1A0C71CD}.Release|Any CPU.ActiveCfg = Release|Any CPU
		{E34E31FA-1ADE-47D6-8B16-48BB1A0C71CD}.Release|Any CPU.Build.0 = Release|Any CPU
		{C2B2B1BA-E447-4DE5-8A36-82E4947139A7}.Debug|Any CPU.ActiveCfg = Debug|Any CPU
		{C2B2B1BA-E447-4DE5-8A36-82E4947139A7}.Debug|Any CPU.Build.0 = Debug|Any CPU
		{C2B2B1BA-E447-4DE5-8A36-82E4947139A7}.Release|Any CPU.ActiveCfg = Release|Any CPU
		{C2B2B1BA-E447-4DE5-8A36-82E4947139A7}.Release|Any CPU.Build.0 = Release|Any CPU
		{776F2E6F-A75F-4092-B42A-F3D60AC3DF61}.Debug|Any CPU.ActiveCfg = Debug|Any CPU
		{776F2E6F-A75F-4092-B42A-F3D60AC3DF61}.Debug|Any CPU.Build.0 = Debug|Any CPU
		{776F2E6F-A75F-4092-B42A-F3D60AC3DF61}.Release|Any CPU.ActiveCfg = Release|Any CPU
		{776F2E6F-A75F-4092-B42A-F3D60AC3DF61}.Release|Any CPU.Build.0 = Release|Any CPU
		{267507E8-192D-4263-8A6C-BF394D272B81}.Debug|Any CPU.ActiveCfg = Debug|Any CPU
		{267507E8-192D-4263-8A6C-BF394D272B81}.Debug|Any CPU.Build.0 = Debug|Any CPU
		{267507E8-192D-4263-8A6C-BF394D272B81}.Release|Any CPU.ActiveCfg = Release|Any CPU
		{267507E8-192D-4263-8A6C-BF394D272B81}.Release|Any CPU.Build.0 = Release|Any CPU
		{C64D99C0-DCF4-4D94-8C1C-A2A939832C79}.Debug|Any CPU.ActiveCfg = Debug|Any CPU
		{C64D99C0-DCF4-4D94-8C1C-A2A939832C79}.Debug|Any CPU.Build.0 = Debug|Any CPU
		{C64D99C0-DCF4-4D94-8C1C-A2A939832C79}.Release|Any CPU.ActiveCfg = Release|Any CPU
		{C64D99C0-DCF4-4D94-8C1C-A2A939832C79}.Release|Any CPU.Build.0 = Release|Any CPU
	EndGlobalSection
	GlobalSection(SolutionProperties) = preSolution
		HideSolutionNode = FALSE
	EndGlobalSection
	GlobalSection(NestedProjects) = preSolution
		{8944E054-9B9B-46C1-A30B-78E77A547BB0} = {E71607A5-2A12-4582-BE7C-960C63391E9C}
		{47D603A1-8B09-47D5-AADF-261227AC42F3} = {E71607A5-2A12-4582-BE7C-960C63391E9C}
		{D5D3B528-948E-4AD7-8B9D-29924B54159C} = {E71607A5-2A12-4582-BE7C-960C63391E9C}
		{E4BED6B0-79AD-4DE4-BFDE-682C6261EFED} = {E71607A5-2A12-4582-BE7C-960C63391E9C}
		{8C1E9F6E-3BB5-4180-8490-699F9E4BADAE} = {E71607A5-2A12-4582-BE7C-960C63391E9C}
		{2F5F09E6-CCDE-41BA-9F2C-06A476FC62D0} = {E71607A5-2A12-4582-BE7C-960C63391E9C}
		{B6C3BC5C-5336-4AB4-9EAD-C71E4C42DCD9} = {E71607A5-2A12-4582-BE7C-960C63391E9C}
		{45E4CAF9-2433-4EE0-8378-1CA72BEC5537} = {E71607A5-2A12-4582-BE7C-960C63391E9C}
		{D55D366C-9F78-445A-AA25-624EAA3DE94C} = {06B1E41A-7369-4315-BFBA-6D3E6BE6934D}
		{4D75ECF5-CF11-4057-8880-40B62F254E74} = {06B1E41A-7369-4315-BFBA-6D3E6BE6934D}
		{7E4AC656-5F7C-4073-9AD6-649C74F1021C} = {06B1E41A-7369-4315-BFBA-6D3E6BE6934D}
		{42B4CC2A-A3AF-42CE-9351-B3539B777AA7} = {06B1E41A-7369-4315-BFBA-6D3E6BE6934D}
		{474A303F-FE19-4232-98C3-833D3AF6805F} = {06B1E41A-7369-4315-BFBA-6D3E6BE6934D}
		{E34E31FA-1ADE-47D6-8B16-48BB1A0C71CD} = {06B1E41A-7369-4315-BFBA-6D3E6BE6934D}
		{C2B2B1BA-E447-4DE5-8A36-82E4947139A7} = {06B1E41A-7369-4315-BFBA-6D3E6BE6934D}
	EndGlobalSection
	GlobalSection(ExtensibilityGlobals) = postSolution
		SolutionGuid = {D9C35715-33D9-495B-8164-C18BCFCF92DA}
	EndGlobalSection
EndGlobal
